
Microsoft Visual Studio Solution File, Format Version 12.00
# Visual Studio Version 17
VisualStudioVersion = 17.8.34330.188
MinimumVisualStudioVersion = 10.0.40219.1
Project("{FAE04EC0-301F-11D3-BF4B-00C04F79EFBC}") = "TcmbKurCekici", "TcmbKurCekici\TcmbKurCekici.csproj", "{0022CECF-183F-4F98-AC74-EF21565305FD}"
EndProject
Global
	GlobalSection(SolutionConfigurationPlatforms) = preSolution
		Debug|Any CPU = Debug|Any CPU
		Release|Any CPU = Release|Any CPU
	EndGlobalSection
	GlobalSection(ProjectConfigurationPlatforms) = postSolution
		{0022CECF-183F-4F98-AC74-EF21565305FD}.Debug|Any CPU.ActiveCfg = Debug|Any CPU
		{0022CECF-183F-4F98-AC74-EF21565305FD}.Debug|Any CPU.Build.0 = Debug|Any CPU
		{0022CECF-183F-4F98-AC74-EF21565305FD}.Release|Any CPU.ActiveCfg = Release|Any CPU
		{0022CECF-183F-4F98-AC74-EF21565305FD}.Release|Any CPU.Build.0 = Release|Any CPU
	EndGlobalSection
	GlobalSection(SolutionProperties) = preSolution
		HideSolutionNode = FALSE
	EndGlobalSection
	GlobalSection(ExtensibilityGlobals) = postSolution
		SolutionGuid = {0C6DAF53-D86F-478F-87C5-1747BAD61447}
	EndGlobalSection
EndGlobal
